
Microsoft Visual Studio Solution File, Format Version 12.00
# Visual Studio Version 17
VisualStudioVersion = 17.11.35327.3
MinimumVisualStudioVersion = 10.0.40219.1
Project("{8BC9CEB8-8B4A-11D0-8D11-00A0C91BC942}") = "01.WinterInRhodopes", "01.WinterInRhodopes\01.WinterInRhodopes.vcxproj", "{4763F6D5-33A8-40A3-9B60-C8ECAB9769EB}"
EndProject
Project("{8BC9CEB8-8B4A-11D0-8D11-00A0C91BC942}") = "02.TrudatKrasiChoveka", "02.TrudatKrasiChoveka\02.TrudatKrasiChoveka.vcxproj", "{245CBF7D-6F25-4242-B0EE-2C43256B545B}"
EndProject
Project("{8BC9CEB8-8B4A-11D0-8D11-00A0C91BC942}") = "03.RhodopesDemocracy", "03.RhodopesDemocracy\03.RhodopesDemocracy.vcxproj", "{F23D2AB0-4C4C-408C-855A-AE27AE62C28A}"
EndProject
Global
	GlobalSection(SolutionConfigurationPlatforms) = preSolution
		Debug|x64 = Debug|x64
		Debug|x86 = Debug|x86
		Release|x64 = Release|x64
		Release|x86 = Release|x86
	EndGlobalSection
	GlobalSection(ProjectConfigurationPlatforms) = postSolution
		{4763F6D5-33A8-40A3-9B60-C8ECAB9769EB}.Debug|x64.ActiveCfg = Debug|x64
		{4763F6D5-33A8-40A3-9B60-C8ECAB9769EB}.Debug|x64.Build.0 = Debug|x64
		{4763F6D5-33A8-40A3-9B60-C8ECAB9769EB}.Debug|x86.ActiveCfg = Debug|Win32
		{4763F6D5-33A8-40A3-9B60-C8ECAB9769EB}.Debug|x86.Build.0 = Debug|Win32
		{4763F6D5-33A8-40A3-9B60-C8ECAB9769EB}.Release|x64.ActiveCfg = Release|x64
		{4763F6D5-33A8-40A3-9B60-C8ECAB9769EB}.Release|x64.Build.0 = Release|x64
		{4763F6D5-33A8-40A3-9B60-C8ECAB9769EB}.Release|x86.ActiveCfg = Release|Win32
		{4763F6D5-33A8-40A3-9B60-C8ECAB9769EB}.Release|x86.Build.0 = Release|Win32
		{245CBF7D-6F25-4242-B0EE-2C43256B545B}.Debug|x64.ActiveCfg = Debug|x64
		{245CBF7D-6F25-4242-B0EE-2C43256B545B}.Debug|x64.Build.0 = Debug|x64
		{245CBF7D-6F25-4242-B0EE-2C43256B545B}.Debug|x86.ActiveCfg = Debug|Win32
		{245CBF7D-6F25-4242-B0EE-2C43256B545B}.Debug|x86.Build.0 = Debug|Win32
		{245CBF7D-6F25-4242-B0EE-2C43256B545B}.Release|x64.ActiveCfg = Release|x64
		{245CBF7D-6F25-4242-B0EE-2C43256B545B}.Release|x64.Build.0 = Release|x64
		{245CBF7D-6F25-4242-B0EE-2C43256B545B}.Release|x86.ActiveCfg = Release|Win32
		{245CBF7D-6F25-4242-B0EE-2C43256B545B}.Release|x86.Build.0 = Release|Win32
		{F23D2AB0-4C4C-408C-855A-AE27AE62C28A}.Debug|x64.ActiveCfg = Debug|x64
		{F23D2AB0-4C4C-408C-855A-AE27AE62C28A}.Debug|x64.Build.0 = Debug|x64
		{F23D2AB0-4C4C-408C-855A-AE27AE62C28A}.Debug|x86.ActiveCfg = Debug|Win32
		{F23D2AB0-4C4C-408C-855A-AE27AE62C28A}.Debug|x86.Build.0 = Debug|Win32
		{F23D2AB0-4C4C-408C-855A-AE27AE62C28A}.Release|x64.ActiveCfg = Release|x64
		{F23D2AB0-4C4C-408C-855A-AE27AE62C28A}.Release|x64.Build.0 = Release|x64
		{F23D2AB0-4C4C-408C-855A-AE27AE62C28A}.Release|x86.ActiveCfg = Release|Win32
		{F23D2AB0-4C4C-408C-855A-AE27AE62C28A}.Release|x86.Build.0 = Release|Win32
	EndGlobalSection
	GlobalSection(SolutionProperties) = preSolution
		HideSolutionNode = FALSE
	EndGlobalSection
	GlobalSection(ExtensibilityGlobals) = postSolution
		SolutionGuid = {115AF719-F17E-401C-BE37-75848A11DC5F}
	EndGlobalSection
EndGlobal
