
Microsoft Visual Studio Solution File, Format Version 12.00
# Visual Studio Version 17
VisualStudioVersion = 17.11.35327.3
MinimumVisualStudioVersion = 10.0.40219.1
Project("{8BC9CEB8-8B4A-11D0-8D11-00A0C91BC942}") = "01.LuckyNumber", "01.LuckyNumber\01.LuckyNumber.vcxproj", "{77D26F02-C2B6-4F8A-AD67-D44BE4EB69D6}"
EndProject
Project("{8BC9CEB8-8B4A-11D0-8D11-00A0C91BC942}") = "02.Tournaments", "Tournaments\Tournaments.vcxproj", "{1396E312-B096-4CF1-A269-F75E3FCCAA09}"
EndProject
Project("{8BC9CEB8-8B4A-11D0-8D11-00A0C91BC942}") = "03.CEO", "03.CEO\03.CEO.vcxproj", "{FEC5D6AF-3A69-46DB-B15B-62570573A253}"
EndProject
Global
	GlobalSection(SolutionConfigurationPlatforms) = preSolution
		Debug|x64 = Debug|x64
		Debug|x86 = Debug|x86
		Release|x64 = Release|x64
		Release|x86 = Release|x86
	EndGlobalSection
	GlobalSection(ProjectConfigurationPlatforms) = postSolution
		{77D26F02-C2B6-4F8A-AD67-D44BE4EB69D6}.Debug|x64.ActiveCfg = Debug|x64
		{77D26F02-C2B6-4F8A-AD67-D44BE4EB69D6}.Debug|x64.Build.0 = Debug|x64
		{77D26F02-C2B6-4F8A-AD67-D44BE4EB69D6}.Debug|x86.ActiveCfg = Debug|Win32
		{77D26F02-C2B6-4F8A-AD67-D44BE4EB69D6}.Debug|x86.Build.0 = Debug|Win32
		{77D26F02-C2B6-4F8A-AD67-D44BE4EB69D6}.Release|x64.ActiveCfg = Release|x64
		{77D26F02-C2B6-4F8A-AD67-D44BE4EB69D6}.Release|x64.Build.0 = Release|x64
		{77D26F02-C2B6-4F8A-AD67-D44BE4EB69D6}.Release|x86.ActiveCfg = Release|Win32
		{77D26F02-C2B6-4F8A-AD67-D44BE4EB69D6}.Release|x86.Build.0 = Release|Win32
		{1396E312-B096-4CF1-A269-F75E3FCCAA09}.Debug|x64.ActiveCfg = Debug|x64
		{1396E312-B096-4CF1-A269-F75E3FCCAA09}.Debug|x64.Build.0 = Debug|x64
		{1396E312-B096-4CF1-A269-F75E3FCCAA09}.Debug|x86.ActiveCfg = Debug|Win32
		{1396E312-B096-4CF1-A269-F75E3FCCAA09}.Debug|x86.Build.0 = Debug|Win32
		{1396E312-B096-4CF1-A269-F75E3FCCAA09}.Release|x64.ActiveCfg = Release|x64
		{1396E312-B096-4CF1-A269-F75E3FCCAA09}.Release|x64.Build.0 = Release|x64
		{1396E312-B096-4CF1-A269-F75E3FCCAA09}.Release|x86.ActiveCfg = Release|Win32
		{1396E312-B096-4CF1-A269-F75E3FCCAA09}.Release|x86.Build.0 = Release|Win32
		{FEC5D6AF-3A69-46DB-B15B-62570573A253}.Debug|x64.ActiveCfg = Debug|x64
		{FEC5D6AF-3A69-46DB-B15B-62570573A253}.Debug|x64.Build.0 = Debug|x64
		{FEC5D6AF-3A69-46DB-B15B-62570573A253}.Debug|x86.ActiveCfg = Debug|Win32
		{FEC5D6AF-3A69-46DB-B15B-62570573A253}.Debug|x86.Build.0 = Debug|Win32
		{FEC5D6AF-3A69-46DB-B15B-62570573A253}.Release|x64.ActiveCfg = Release|x64
		{FEC5D6AF-3A69-46DB-B15B-62570573A253}.Release|x64.Build.0 = Release|x64
		{FEC5D6AF-3A69-46DB-B15B-62570573A253}.Release|x86.ActiveCfg = Release|Win32
		{FEC5D6AF-3A69-46DB-B15B-62570573A253}.Release|x86.Build.0 = Release|Win32
	EndGlobalSection
	GlobalSection(SolutionProperties) = preSolution
		HideSolutionNode = FALSE
	EndGlobalSection
	GlobalSection(ExtensibilityGlobals) = postSolution
		SolutionGuid = {31BD5A73-4C31-4789-8B16-E605EFF82D22}
	EndGlobalSection
EndGlobal
